schema: '2.0'
stages:
  prepare:
    cmd: python src/prepare.py data
    deps:
    - path: data
      md5: 7d2a3903cb9a4faff78ac3823389d8ed.dir
      size: 261326366
      nfiles: 10042
    - path: src/prepare.py
      md5: 0777a2f9dbccb5976e7b05f8ebad9b8f
      size: 2567
    outs:
    - path: prepared
      md5: ff6ad706a14b8d829c0e2fc64cf0f39a.dir
      size: 1800793
      nfiles: 7
  train:
    cmd: python src/train.py prepared models/new_experimental_model.pth
    deps:
    - path: prepared
      md5: ff6ad706a14b8d829c0e2fc64cf0f39a.dir
      size: 1800793
      nfiles: 7
    - path: src/train.py
      md5: 038552bd00eb06f7e021205dda6f1ea9
      size: 4904
    params:
      params.yaml:
        train.epoch: 5
    outs:
    - path: models/new_experimental_model.pth
      md5: 976b0d9488c25c0e21c89197b79eaa2e
      size: 257577577
  test:
    cmd: python src/test.py prepared models/new_experimental_model.pth
    deps:
    - path: models/new_experimental_model.pth
      md5: 976b0d9488c25c0e21c89197b79eaa2e
      size: 257577577
    - path: prepared
      md5: ff6ad706a14b8d829c0e2fc64cf0f39a.dir
      size: 1800793
      nfiles: 7
    - path: src/test.py
      md5: 1ef60cd250f81ec57db1b7c00d63f3d8
      size: 2481
    outs:
    - path: scores.json
      md5: c5383c036bc45f4c4780448392ae455a
      size: 19
