schema: '2.0'
stages:
  prepare:
    cmd: python src/prepare.py data
    deps:
    - path: data
      md5: 7d2a3903cb9a4faff78ac3823389d8ed.dir
      size: 261326366
      nfiles: 10042
    - path: src/prepare.py
      md5: 0777a2f9dbccb5976e7b05f8ebad9b8f
      size: 2567
    outs:
    - path: prepared
      md5: ff6ad706a14b8d829c0e2fc64cf0f39a.dir
      size: 1800793
      nfiles: 7
  train:
    cmd: python src/train.py prepared new_experimental_model.pth False
    deps:
    - path: prepared
      md5: ff6ad706a14b8d829c0e2fc64cf0f39a.dir
      size: 1800793
      nfiles: 7
    - path: src/train.py
      md5: b7ab2e8c771e6830cf6a38d90b845a2e
      size: 4934
    params:
      params.yaml:
        train.epoch: 20
        train.model: efficientnet-b7
    outs:
    - path: models/new_experimental_model.pth
      md5: 906a233fef8a5665419daac77ed88417
      size: 257577577
  test:
    cmd: python src/test.py prepared new_experimental_model.pth
    deps:
    - path: models/new_experimental_model.pth
      md5: 906a233fef8a5665419daac77ed88417
      size: 257577577
    - path: prepared
      md5: ff6ad706a14b8d829c0e2fc64cf0f39a.dir
      size: 1800793
      nfiles: 7
    - path: src/test.py
      md5: a260e88926eaeab26663a39c02b4983b
      size: 2429
    params:
      params.yaml:
        test.model: efficientnet-b7
    outs:
    - path: scores.json
      md5: 7a20a096b2423d662aa7e9b860b87417
      size: 18
